
Microsoft Visual Studio Solution File, Format Version 12.00
# Visual Studio Version 16
VisualStudioVersion = 16.0.31729.503
MinimumVisualStudioVersion = 10.0.40219.1
Project("{FAE04EC0-301F-11D3-BF4B-00C04F79EFBC}") = "Variable_Exercise", "Variable_Exercise.csproj", "{95C8C399-19DB-4554-A9EA-F8A6A7CF5470}"
EndProject
Global
	GlobalSection(SolutionConfigurationPlatforms) = preSolution
		Debug|Any CPU = Debug|Any CPU
		Release|Any CPU = Release|Any CPU
	EndGlobalSection
	GlobalSection(ProjectConfigurationPlatforms) = postSolution
		{95C8C399-19DB-4554-A9EA-F8A6A7CF5470}.Debug|Any CPU.ActiveCfg = Debug|Any CPU
		{95C8C399-19DB-4554-A9EA-F8A6A7CF5470}.Debug|Any CPU.Build.0 = Debug|Any CPU
		{95C8C399-19DB-4554-A9EA-F8A6A7CF5470}.Release|Any CPU.ActiveCfg = Release|Any CPU
		{95C8C399-19DB-4554-A9EA-F8A6A7CF5470}.Release|Any CPU.Build.0 = Release|Any CPU
	EndGlobalSection
	GlobalSection(SolutionProperties) = preSolution
		HideSolutionNode = FALSE
	EndGlobalSection
	GlobalSection(ExtensibilityGlobals) = postSolution
		SolutionGuid = {380A4167-F06D-4087-B8F5-5335F878BA9C}
	EndGlobalSection
EndGlobal
